
Microsoft Visual Studio Solution File, Format Version 12.00
# Visual Studio Version 17
VisualStudioVersion = 17.8.34309.116
MinimumVisualStudioVersion = 10.0.40219.1
Project("{FAE04EC0-301F-11D3-BF4B-00C04F79EFBC}") = "AkelonTest2", "AkelonTest2\AkelonTest2.csproj", "{A246E4C6-8F81-4FD3-AFFA-0AF4D5446CB8}"
EndProject
Global
	GlobalSection(SolutionConfigurationPlatforms) = preSolution
		Debug|Any CPU = Debug|Any CPU
		Release|Any CPU = Release|Any CPU
	EndGlobalSection
	GlobalSection(ProjectConfigurationPlatforms) = postSolution
		{A246E4C6-8F81-4FD3-AFFA-0AF4D5446CB8}.Debug|Any CPU.ActiveCfg = Debug|Any CPU
		{A246E4C6-8F81-4FD3-AFFA-0AF4D5446CB8}.Debug|Any CPU.Build.0 = Debug|Any CPU
		{A246E4C6-8F81-4FD3-AFFA-0AF4D5446CB8}.Release|Any CPU.ActiveCfg = Release|Any CPU
		{A246E4C6-8F81-4FD3-AFFA-0AF4D5446CB8}.Release|Any CPU.Build.0 = Release|Any CPU
	EndGlobalSection
	GlobalSection(SolutionProperties) = preSolution
		HideSolutionNode = FALSE
	EndGlobalSection
	GlobalSection(ExtensibilityGlobals) = postSolution
		SolutionGuid = {14E7D661-04B2-44B6-9C83-58098816E9DF}
	EndGlobalSection
EndGlobal
